
Microsoft Visual Studio Solution File, Format Version 12.00
# Visual Studio 2013
VisualStudioVersion = 12.0.30110.0
MinimumVisualStudioVersion = 10.0.40219.1
Project("{F2A71F9B-5D33-465A-A702-920D77279786}") = "megatron_fs", "megatron_fs\megatron_fs.fsproj", "{EF48DC27-72C1-4B3C-98C0-BAECE0DF2CCA}"
EndProject
Global
	GlobalSection(SolutionConfigurationPlatforms) = preSolution
		Debug|Any CPU = Debug|Any CPU
		Release|Any CPU = Release|Any CPU
	EndGlobalSection
	GlobalSection(ProjectConfigurationPlatforms) = postSolution
		{EF48DC27-72C1-4B3C-98C0-BAECE0DF2CCA}.Debug|Any CPU.ActiveCfg = Debug|Any CPU
		{EF48DC27-72C1-4B3C-98C0-BAECE0DF2CCA}.Debug|Any CPU.Build.0 = Debug|Any CPU
		{EF48DC27-72C1-4B3C-98C0-BAECE0DF2CCA}.Release|Any CPU.ActiveCfg = Release|Any CPU
		{EF48DC27-72C1-4B3C-98C0-BAECE0DF2CCA}.Release|Any CPU.Build.0 = Release|Any CPU
	EndGlobalSection
	GlobalSection(SolutionProperties) = preSolution
		HideSolutionNode = FALSE
	EndGlobalSection
EndGlobal
